// !$*UTF8*$!
{
	archiveVersion = 1;
	classes = {
	};
	objectVersion = 56;
	objects = {

/* Begin PBXBuildFile section */
		DC6E9C7A292E01D90013F271 /* AppDelegate.swift in Sources */ = {isa = PBXBuildFile; fileRef = DC6E9C79292E01D90013F271 /* AppDelegate.swift */; };
		DC6E9C7C292E01D90013F271 /* SceneDelegate.swift in Sources */ = {isa = PBXBuildFile; fileRef = DC6E9C7B292E01D90013F271 /* SceneDelegate.swift */; };
		DC6E9C83292E01DA0013F271 /* Assets.xcassets in Resources */ = {isa = PBXBuildFile; fileRef = DC6E9C82292E01DA0013F271 /* Assets.xcassets */; };
		DC6E9C86292E01DA0013F271 /* LaunchScreen.storyboard in Resources */ = {isa = PBXBuildFile; fileRef = DC6E9C84292E01DA0013F271 /* LaunchScreen.storyboard */; };
		DC6E9C8E292E03510013F271 /* MainTabBarController.swift in Sources */ = {isa = PBXBuildFile; fileRef = DC6E9C8D292E03510013F271 /* MainTabBarController.swift */; };
		DC6E9C90292E04120013F271 /* HomeViewController.swift in Sources */ = {isa = PBXBuildFile; fileRef = DC6E9C8F292E04120013F271 /* HomeViewController.swift */; };
		DC6E9C92292E04200013F271 /* SettingsViewController.swift in Sources */ = {isa = PBXBuildFile; fileRef = DC6E9C91292E04200013F271 /* SettingsViewController.swift */; };
		DC6E9C94292E042F0013F271 /* PersonViewController.swift in Sources */ = {isa = PBXBuildFile; fileRef = DC6E9C93292E042F0013F271 /* PersonViewController.swift */; };
		DC6E9C98292E0BB60013F271 /* UIColorExt.swift in Sources */ = {isa = PBXBuildFile; fileRef = DC6E9C97292E0BB60013F271 /* UIColorExt.swift */; };
/* End PBXBuildFile section */

/* Begin PBXFileReference section */
		DC6E9C76292E01D90013F271 /* CastomTabBar.app */ = {isa = PBXFileReference; explicitFileType = wrapper.application; includeInIndex = 0; path = CastomTabBar.app; sourceTree = BUILT_PRODUCTS_DIR; };
		DC6E9C79292E01D90013F271 /* AppDelegate.swift */ = {isa = PBXFileReference; lastKnownFileType = sourcecode.swift; path = AppDelegate.swift; sourceTree = "<group>"; };
		DC6E9C7B292E01D90013F271 /* SceneDelegate.swift */ = {isa = PBXFileReference; lastKnownFileType = sourcecode.swift; path = SceneDelegate.swift; sourceTree = "<group>"; };
		DC6E9C82292E01DA0013F271 /* Assets.xcassets */ = {isa = PBXFileReference; lastKnownFileType = folder.assetcatalog; path = Assets.xcassets; sourceTree = "<group>"; };
		DC6E9C85292E01DA0013F271 /* Base */ = {isa = PBXFileReference; lastKnownFileType = file.storyboard; name = Base; path = Base.lproj/LaunchScreen.storyboard; sourceTree = "<group>"; };
		DC6E9C87292E01DA0013F271 /* Info.plist */ = {isa = PBXFileReference; lastKnownFileType = text.plist.xml; path = Info.plist; sourceTree = "<group>"; };
		DC6E9C8D292E03510013F271 /* MainTabBarController.swift */ = {isa = PBXFileReference; lastKnownFileType = sourcecode.swift; path = MainTabBarController.swift; sourceTree = "<group>"; };
		DC6E9C8F292E04120013F271 /* HomeViewController.swift */ = {isa = PBXFileReference; lastKnownFileType = sourcecode.swift; path = HomeViewController.swift; sourceTree = "<group>"; };
		DC6E9C91292E04200013F271 /* SettingsViewController.swift */ = {isa = PBXFileReference; lastKnownFileType = sourcecode.swift; path = SettingsViewController.swift; sourceTree = "<group>"; };
		DC6E9C93292E042F0013F271 /* PersonViewController.swift */ = {isa = PBXFileReference; lastKnownFileType = sourcecode.swift; path = PersonViewController.swift; sourceTree = "<group>"; };
		DC6E9C97292E0BB60013F271 /* UIColorExt.swift */ = {isa = PBXFileReference; lastKnownFileType = sourcecode.swift; path = UIColorExt.swift; sourceTree = "<group>"; };
/* End PBXFileReference section */

/* Begin PBXFrameworksBuildPhase section */
		DC6E9C73292E01D90013F271 /* Frameworks */ = {
			isa = PBXFrameworksBuildPhase;
			buildActionMask = 2147483647;
			files = (
			);
			runOnlyForDeploymentPostprocessing = 0;
		};
/* End PBXFrameworksBuildPhase section */

/* Begin PBXGroup section */
		DC6E9C6D292E01D90013F271 = {
			isa = PBXGroup;
			children = (
				DC6E9C78292E01D90013F271 /* CastomTabBar */,
				DC6E9C77292E01D90013F271 /* Products */,
			);
			sourceTree = "<group>";
		};
		DC6E9C77292E01D90013F271 /* Products */ = {
			isa = PBXGroup;
			children = (
				DC6E9C76292E01D90013F271 /* CastomTabBar.app */,
			);
			name = Products;
			sourceTree = "<group>";
		};
		DC6E9C78292E01D90013F271 /* CastomTabBar */ = {
			isa = PBXGroup;
			children = (
				DC6E9C96292E044A0013F271 /* App */,
				DC6E9C99292E0E880013F271 /* Ext */,
				DC6E9C9A292E0E900013F271 /* TabBar */,
				DC6E9C95292E04400013F271 /* VC */,
				DC6E9C82292E01DA0013F271 /* Assets.xcassets */,
				DC6E9C84292E01DA0013F271 /* LaunchScreen.storyboard */,
				DC6E9C87292E01DA0013F271 /* Info.plist */,
			);
			path = CastomTabBar;
			sourceTree = "<group>";
		};
		DC6E9C95292E04400013F271 /* VC */ = {
			isa = PBXGroup;
			children = (
				DC6E9C8F292E04120013F271 /* HomeViewController.swift */,
				DC6E9C91292E04200013F271 /* SettingsViewController.swift */,
				DC6E9C93292E042F0013F271 /* PersonViewController.swift */,
			);
			path = VC;
			sourceTree = "<group>";
		};
		DC6E9C96292E044A0013F271 /* App */ = {
			isa = PBXGroup;
			children = (
				DC6E9C79292E01D90013F271 /* AppDelegate.swift */,
				DC6E9C7B292E01D90013F271 /* SceneDelegate.swift */,
			);
			path = App;
			sourceTree = "<group>";
		};
		DC6E9C99292E0E880013F271 /* Ext */ = {
			isa = PBXGroup;
			children = (
				DC6E9C97292E0BB60013F271 /* UIColorExt.swift */,
			);
			path = Ext;
			sourceTree = "<group>";
		};
		DC6E9C9A292E0E900013F271 /* TabBar */ = {
			isa = PBXGroup;
			children = (
				DC6E9C8D292E03510013F271 /* MainTabBarController.swift */,
			);
			path = TabBar;
			sourceTree = "<group>";
		};
/* End PBXGroup section */

/* Begin PBXNativeTarget section */
		DC6E9C75292E01D90013F271 /* CastomTabBar */ = {
			isa = PBXNativeTarget;
			buildConfigurationList = DC6E9C8A292E01DA0013F271 /* Build configuration list for PBXNativeTarget "CastomTabBar" */;
			buildPhases = (
				DC6E9C72292E01D90013F271 /* Sources */,
				DC6E9C73292E01D90013F271 /* Frameworks */,
				DC6E9C74292E01D90013F271 /* Resources */,
			);
			buildRules = (
			);
			dependencies = (
			);
			name = CastomTabBar;
			productName = CastomTabBar;
			productReference = DC6E9C76292E01D90013F271 /* CastomTabBar.app */;
			productType = "com.apple.product-type.application";
		};
/* End PBXNativeTarget section */

/* Begin PBXProject section */
		DC6E9C6E292E01D90013F271 /* Project object */ = {
			isa = PBXProject;
			attributes = {
				BuildIndependentTargetsInParallel = 1;
				LastSwiftUpdateCheck = 1410;
				LastUpgradeCheck = 1410;
				TargetAttributes = {
					DC6E9C75292E01D90013F271 = {
						CreatedOnToolsVersion = 14.1;
					};
				};
			};
			buildConfigurationList = DC6E9C71292E01D90013F271 /* Build configuration list for PBXProject "CastomTabBar" */;
			compatibilityVersion = "Xcode 14.0";
			developmentRegion = en;
			hasScannedForEncodings = 0;
			knownRegions = (
				en,
				Base,
			);
			mainGroup = DC6E9C6D292E01D90013F271;
			productRefGroup = DC6E9C77292E01D90013F271 /* Products */;
			projectDirPath = "";
			projectRoot = "";
			targets = (
				DC6E9C75292E01D90013F271 /* CastomTabBar */,
			);
		};
/* End PBXProject section */

/* Begin PBXResourcesBuildPhase section */
		DC6E9C74292E01D90013F271 /* Resources */ = {
			isa = PBXResourcesBuildPhase;
			buildActionMask = 2147483647;
			files = (
				DC6E9C86292E01DA0013F271 /* LaunchScreen.storyboard in Resources */,
				DC6E9C83292E01DA0013F271 /* Assets.xcassets in Resources */,
			);
			runOnlyForDeploymentPostprocessing = 0;
		};
/* End PBXResourcesBuildPhase section */

/* Begin PBXSourcesBuildPhase section */
		DC6E9C72292E01D90013F271 /* Sources */ = {
			isa = PBXSourcesBuildPhase;
			buildActionMask = 2147483647;
			files = (
				DC6E9C92292E04200013F271 /* SettingsViewController.swift in Sources */,
				DC6E9C94292E042F0013F271 /* PersonViewController.swift in Sources */,
				DC6E9C7A292E01D90013F271 /* AppDelegate.swift in Sources */,
				DC6E9C8E292E03510013F271 /* MainTabBarController.swift in Sources */,
				DC6E9C98292E0BB60013F271 /* UIColorExt.swift in Sources */,
				DC6E9C7C292E01D90013F271 /* SceneDelegate.swift in Sources */,
				DC6E9C90292E04120013F271 /* HomeViewController.swift in Sources */,
			);
			runOnlyForDeploymentPostprocessing = 0;
		};
/* End PBXSourcesBuildPhase section */

/* Begin PBXVariantGroup section */
		DC6E9C84292E01DA0013F271 /* LaunchScreen.storyboard */ = {
			isa = PBXVariantGroup;
			children = (
				DC6E9C85292E01DA0013F271 /* Base */,
			);
			name = LaunchScreen.storyboard;
			sourceTree = "<group>";
		};
/* End PBXVariantGroup section */

/* Begin XCBuildConfiguration section */
		DC6E9C88292E01DA0013F271 /* Debug */ = {
			isa = XCBuildConfiguration;
			buildSettings = {
				ALWAYS_SEARCH_USER_PATHS = NO;
				CLANG_ANALYZER_NONNULL = YES;
				CLANG_ANALYZER_NUMBER_OBJECT_CONVERSION = YES_AGGRESSIVE;
				CLANG_CXX_LANGUAGE_STANDARD = "gnu++20";
				CLANG_ENABLE_MODULES = YES;
				CLANG_ENABLE_OBJC_ARC = YES;
				CLANG_ENABLE_OBJC_WEAK = YES;
				CLANG_WARN_BLOCK_CAPTURE_AUTORELEASING = YES;
				CLANG_WARN_BOOL_CONVERSION = YES;
				CLANG_WARN_COMMA = YES;
				CLANG_WARN_CONSTANT_CONVERSION = YES;
				CLANG_WARN_DEPRECATED_OBJC_IMPLEMENTATIONS = YES;
				CLANG_WARN_DIRECT_OBJC_ISA_USAGE = YES_ERROR;
				CLANG_WARN_DOCUMENTATION_COMMENTS = YES;
				CLANG_WARN_EMPTY_BODY = YES;
				CLANG_WARN_ENUM_CONVERSION = YES;
				CLANG_WARN_INFINITE_RECURSION = YES;
				CLANG_WARN_INT_CONVERSION = YES;
				CLANG_WARN_NON_LITERAL_NULL_CONVERSION = YES;
				CLANG_WARN_OBJC_IMPLICIT_RETAIN_SELF = YES;
				CLANG_WARN_OBJC_LITERAL_CONVERSION = YES;
				CLANG_WARN_OBJC_ROOT_CLASS = YES_ERROR;
				CLANG_WARN_QUOTED_INCLUDE_IN_FRAMEWORK_HEADER = YES;
				CLANG_WARN_RANGE_LOOP_ANALYSIS = YES;
				CLANG_WARN_STRICT_PROTOTYPES = YES;
				CLANG_WARN_SUSPICIOUS_MOVE = YES;
				CLANG_WARN_UNGUARDED_AVAILABILITY = YES_AGGRESSIVE;
				CLANG_WARN_UNREACHABLE_CODE = YES;
				CLANG_WARN__DUPLICATE_METHOD_MATCH = YES;
				COPY_PHASE_STRIP = NO;
				DEBUG_INFORMATION_FORMAT = dwarf;
				ENABLE_STRICT_OBJC_MSGSEND = YES;
				ENABLE_TESTABILITY = YES;
				GCC_C_LANGUAGE_STANDARD = gnu11;
				GCC_DYNAMIC_NO_PIC = NO;
				GCC_NO_COMMON_BLOCKS = YES;
				GCC_OPTIMIZATION_LEVEL = 0;
				GCC_PREPROCESSOR_DEFINITIONS = (
					"DEBUG=1",
					"$(inherited)",
				);
				GCC_WARN_64_TO_32_BIT_CONVERSION = YES;
				GCC_WARN_ABOUT_RETURN_TYPE = YES_ERROR;
				GCC_WARN_UNDECLARED_SELECTOR = YES;
				GCC_WARN_UNINITIALIZED_AUTOS = YES_AGGRESSIVE;
				GCC_WARN_UNUSED_FUNCTION = YES;
				GCC_WARN_UNUSED_VARIABLE = YES;
				IPHONEOS_DEPLOYMENT_TARGET = 16.1;
				MTL_ENABLE_DEBUG_INFO = INCLUDE_SOURCE;
				MTL_FAST_MATH = YES;
				ONLY_ACTIVE_ARCH = YES;
				SDKROOT = iphoneos;
				SWIFT_ACTIVE_COMPILATION_CONDITIONS = DEBUG;
				SWIFT_OPTIMIZATION_LEVEL = "-Onone";
			};
			name = Debug;
		};
		DC6E9C89292E01DA0013F271 /* Release */ = {
			isa = XCBuildConfiguration;
			buildSettings = {
				ALWAYS_SEARCH_USER_PATHS = NO;
				CLANG_ANALYZER_NONNULL = YES;
				CLANG_ANALYZER_NUMBER_OBJECT_CONVERSION = YES_AGGRESSIVE;
				CLANG_CXX_LANGUAGE_STANDARD = "gnu++20";
				CLANG_ENABLE_MODULES = YES;
				CLANG_ENABLE_OBJC_ARC = YES;
				CLANG_ENABLE_OBJC_WEAK = YES;
				CLANG_WARN_BLOCK_CAPTURE_AUTORELEASING = YES;
				CLANG_WARN_BOOL_CONVERSION = YES;
				CLANG_WARN_COMMA = YES;
				CLANG_WARN_CONSTANT_CONVERSION = YES;
				CLANG_WARN_DEPRECATED_OBJC_IMPLEMENTATIONS = YES;
				CLANG_WARN_DIRECT_OBJC_ISA_USAGE = YES_ERROR;
				CLANG_WARN_DOCUMENTATION_COMMENTS = YES;
				CLANG_WARN_EMPTY_BODY = YES;
				CLANG_WARN_ENUM_CONVERSION = YES;
				CLANG_WARN_INFINITE_RECURSION = YES;
				CLANG_WARN_INT_CONVERSION = YES;
				CLANG_WARN_NON_LITERAL_NULL_CONVERSION = YES;
				CLANG_WARN_OBJC_IMPLICIT_RETAIN_SELF = YES;
				CLANG_WARN_OBJC_LITERAL_CONVERSION = YES;
				CLANG_WARN_OBJC_ROOT_CLASS = YES_ERROR;
				CLANG_WARN_QUOTED_INCLUDE_IN_FRAMEWORK_HEADER = YES;
				CLANG_WARN_RANGE_LOOP_ANALYSIS = YES;
				CLANG_WARN_STRICT_PROTOTYPES = YES;
				CLANG_WARN_SUSPICIOUS_MOVE = YES;
				CLANG_WARN_UNGUARDED_AVAILABILITY = YES_AGGRESSIVE;
				CLANG_WARN_UNREACHABLE_CODE = YES;
				CLANG_WARN__DUPLICATE_METHOD_MATCH = YES;
				COPY_PHASE_STRIP = NO;
				DEBUG_INFORMATION_FORMAT = "dwarf-with-dsym";
				ENABLE_NS_ASSERTIONS = NO;
				ENABLE_STRICT_OBJC_MSGSEND = YES;
				GCC_C_LANGUAGE_STANDARD = gnu11;
				GCC_NO_COMMON_BLOCKS = YES;
				GCC_WARN_64_TO_32_BIT_CONVERSION = YES;
				GCC_WARN_ABOUT_RETURN_TYPE = YES_ERROR;
				GCC_WARN_UNDECLARED_SELECTOR = YES;
				GCC_WARN_UNINITIALIZED_AUTOS = YES_AGGRESSIVE;
				GCC_WARN_UNUSED_FUNCTION = YES;
				GCC_WARN_UNUSED_VARIABLE = YES;
				IPHONEOS_DEPLOYMENT_TARGET = 16.1;
				MTL_ENABLE_DEBUG_INFO = NO;
				MTL_FAST_MATH = YES;
				SDKROOT = iphoneos;
				SWIFT_COMPILATION_MODE = wholemodule;
				SWIFT_OPTIMIZATION_LEVEL = "-O";
				VALIDATE_PRODUCT = YES;
			};
			name = Release;
		};
		DC6E9C8B292E01DA0013F271 /* Debug */ = {
			isa = XCBuildConfiguration;
			buildSettings = {
				ASSETCATALOG_COMPILER_APPICON_NAME = AppIcon;
				ASSETCATALOG_COMPILER_GLOBAL_ACCENT_COLOR_NAME = AccentColor;
				CODE_SIGN_STYLE = Automatic;
				CURRENT_PROJECT_VERSION = 1;
				DEVELOPMENT_TEAM = FC2VZ65V5L;
				GENERATE_INFOPLIST_FILE = YES;
				INFOPLIST_FILE = CastomTabBar/Info.plist;
				INFOPLIST_KEY_UIApplicationSupportsIndirectInputEvents = YES;
				INFOPLIST_KEY_UILaunchStoryboardName = LaunchScreen;
				INFOPLIST_KEY_UISupportedInterfaceOrientations_iPad = "UIInterfaceOrientationPortrait UIInterfaceOrientationPortraitUpsideDown UIInterfaceOrientationLandscapeLeft UIInterfaceOrientationLandscapeRight";
				INFOPLIST_KEY_UISupportedInterfaceOrientations_iPhone = "UIInterfaceOrientationPortrait UIInterfaceOrientationLandscapeLeft UIInterfaceOrientationLandscapeRight";
				LD_RUNPATH_SEARCH_PATHS = (
					"$(inherited)",
					"@executable_path/Frameworks",
				);
				MARKETING_VERSION = 1.0;
				PRODUCT_BUNDLE_IDENTIFIER = mwd.CastomTabBar;
				PRODUCT_NAME = "$(TARGET_NAME)";
				SWIFT_EMIT_LOC_STRINGS = YES;
				SWIFT_VERSION = 5.0;
				TARGETED_DEVICE_FAMILY = "1,2";
			};
			name = Debug;
		};
		DC6E9C8C292E01DA0013F271 /* Release */ = {
			isa = XCBuildConfiguration;
			buildSettings = {
				ASSETCATALOG_COMPILER_APPICON_NAME = AppIcon;
				ASSETCATALOG_COMPILER_GLOBAL_ACCENT_COLOR_NAME = AccentColor;
				CODE_SIGN_STYLE = Automatic;
				CURRENT_PROJECT_VERSION = 1;
				DEVELOPMENT_TEAM = FC2VZ65V5L;
				GENERATE_INFOPLIST_FILE = YES;
				INFOPLIST_FILE = CastomTabBar/Info.plist;
				INFOPLIST_KEY_UIApplicationSupportsIndirectInputEvents = YES;
				INFOPLIST_KEY_UILaunchStoryboardName = LaunchScreen;
				INFOPLIST_KEY_UISupportedInterfaceOrientations_iPad = "UIInterfaceOrientationPortrait UIInterfaceOrientationPortraitUpsideDown UIInterfaceOrientationLandscapeLeft UIInterfaceOrientationLandscapeRight";
				INFOPLIST_KEY_UISupportedInterfaceOrientations_iPhone = "UIInterfaceOrientationPortrait UIInterfaceOrientationLandscapeLeft UIInterfaceOrientationLandscapeRight";
				LD_RUNPATH_SEARCH_PATHS = (
					"$(inherited)",
					"@executable_path/Frameworks",
				);
				MARKETING_VERSION = 1.0;
				PRODUCT_BUNDLE_IDENTIFIER = mwd.CastomTabBar;
				PRODUCT_NAME = "$(TARGET_NAME)";
				SWIFT_EMIT_LOC_STRINGS = YES;
				SWIFT_VERSION = 5.0;
				TARGETED_DEVICE_FAMILY = "1,2";
			};
			name = Release;
		};
/* End XCBuildConfiguration section */

/* Begin XCConfigurationList section */
		DC6E9C71292E01D90013F271 /* Build configuration list for PBXProject "CastomTabBar" */ = {
			isa = XCConfigurationList;
			buildConfigurations = (
				DC6E9C88292E01DA0013F271 /* Debug */,
				DC6E9C89292E01DA0013F271 /* Release */,
			);
			defaultConfigurationIsVisible = 0;
			defaultConfigurationName = Release;
		};
		DC6E9C8A292E01DA0013F271 /* Build configuration list for PBXNativeTarget "CastomTabBar" */ = {
			isa = XCConfigurationList;
			buildConfigurations = (
				DC6E9C8B292E01DA0013F271 /* Debug */,
				DC6E9C8C292E01DA0013F271 /* Release */,
			);
			defaultConfigurationIsVisible = 0;
			defaultConfigurationName = Release;
		};
/* End XCConfigurationList section */
	};
	rootObject = DC6E9C6E292E01D90013F271 /* Project object */;
}
